
Microsoft Visual Studio Solution File, Format Version 12.00
# Visual Studio Version 17
VisualStudioVersion = 17.1.32414.318
MinimumVisualStudioVersion = 10.0.40219.1
Project("{FAE04EC0-301F-11D3-BF4B-00C04F79EFBC}") = "ReportServiceSMS", "ReportServiceSMS\ReportServiceSMS.csproj", "{7535E221-617B-45A5-9B85-A885D1FAE7F0}"
EndProject
Project("{FAE04EC0-301F-11D3-BF4B-00C04F79EFBC}") = "ReportServiceSMS.Core", "ReportServiceSMS.Core\ReportServiceSMS.Core.csproj", "{3F9BD8FB-F994-4454-9912-A27DC43EF06F}"
EndProject
Project("{9A19103F-16F7-4668-BE54-9A1E7A4F7556}") = "smsapi", "smsapi\smsapi.csproj", "{93C1E559-2D05-4CC6-86E3-F8F1F64D6AC4}"
EndProject
Project("{FAE04EC0-301F-11D3-BF4B-00C04F79EFBC}") = "Cipher", "Cipher\Cipher.csproj", "{F4474EDF-8381-4193-9EC6-281FC6821ACE}"
EndProject
Project("{FAE04EC0-301F-11D3-BF4B-00C04F79EFBC}") = "SerwerSMS", "SerwerSMS\SerwerSMS.csproj", "{85809752-467A-42C8-B343-56A981029262}"
EndProject
Global
	GlobalSection(SolutionConfigurationPlatforms) = preSolution
		Debug|Any CPU = Debug|Any CPU
		Release|Any CPU = Release|Any CPU
	EndGlobalSection
	GlobalSection(ProjectConfigurationPlatforms) = postSolution
		{7535E221-617B-45A5-9B85-A885D1FAE7F0}.Debug|Any CPU.ActiveCfg = Debug|Any CPU
		{7535E221-617B-45A5-9B85-A885D1FAE7F0}.Debug|Any CPU.Build.0 = Debug|Any CPU
		{7535E221-617B-45A5-9B85-A885D1FAE7F0}.Release|Any CPU.ActiveCfg = Release|Any CPU
		{7535E221-617B-45A5-9B85-A885D1FAE7F0}.Release|Any CPU.Build.0 = Release|Any CPU
		{3F9BD8FB-F994-4454-9912-A27DC43EF06F}.Debug|Any CPU.ActiveCfg = Debug|Any CPU
		{3F9BD8FB-F994-4454-9912-A27DC43EF06F}.Debug|Any CPU.Build.0 = Debug|Any CPU
		{3F9BD8FB-F994-4454-9912-A27DC43EF06F}.Release|Any CPU.ActiveCfg = Release|Any CPU
		{3F9BD8FB-F994-4454-9912-A27DC43EF06F}.Release|Any CPU.Build.0 = Release|Any CPU
		{93C1E559-2D05-4CC6-86E3-F8F1F64D6AC4}.Debug|Any CPU.ActiveCfg = Debug|Any CPU
		{93C1E559-2D05-4CC6-86E3-F8F1F64D6AC4}.Debug|Any CPU.Build.0 = Debug|Any CPU
		{93C1E559-2D05-4CC6-86E3-F8F1F64D6AC4}.Release|Any CPU.ActiveCfg = Release|Any CPU
		{93C1E559-2D05-4CC6-86E3-F8F1F64D6AC4}.Release|Any CPU.Build.0 = Release|Any CPU
		{F4474EDF-8381-4193-9EC6-281FC6821ACE}.Debug|Any CPU.ActiveCfg = Debug|Any CPU
		{F4474EDF-8381-4193-9EC6-281FC6821ACE}.Debug|Any CPU.Build.0 = Debug|Any CPU
		{F4474EDF-8381-4193-9EC6-281FC6821ACE}.Release|Any CPU.ActiveCfg = Release|Any CPU
		{F4474EDF-8381-4193-9EC6-281FC6821ACE}.Release|Any CPU.Build.0 = Release|Any CPU
		{85809752-467A-42C8-B343-56A981029262}.Debug|Any CPU.ActiveCfg = Debug|Any CPU
		{85809752-467A-42C8-B343-56A981029262}.Debug|Any CPU.Build.0 = Debug|Any CPU
		{85809752-467A-42C8-B343-56A981029262}.Release|Any CPU.ActiveCfg = Release|Any CPU
		{85809752-467A-42C8-B343-56A981029262}.Release|Any CPU.Build.0 = Release|Any CPU
	EndGlobalSection
	GlobalSection(SolutionProperties) = preSolution
		HideSolutionNode = FALSE
	EndGlobalSection
	GlobalSection(ExtensibilityGlobals) = postSolution
		SolutionGuid = {CC5675EC-8B33-4A58-B076-970B2344CEF8}
	EndGlobalSection
EndGlobal
